
Microsoft Visual Studio Solution File, Format Version 12.00
# Visual Studio Version 16
VisualStudioVersion = 16.0.32002.261
MinimumVisualStudioVersion = 10.0.40219.1
Project("{9A19103F-16F7-4668-BE54-9A1E7A4F7556}") = "dajet-kafka-agent", "dajet-kafka-agent\dajet-kafka-agent.csproj", "{188DE879-4B9F-4D45-96C1-99A58968C4E4}"
EndProject
Project("{FAE04EC0-301F-11D3-BF4B-00C04F79EFBC}") = "dajet-kafka", "dajet-kafka\dajet-kafka.csproj", "{7A744CDF-1DA7-4924-B16E-C45C3054086C}"
EndProject
Global
	GlobalSection(SolutionConfigurationPlatforms) = preSolution
		Debug|Any CPU = Debug|Any CPU
		Release|Any CPU = Release|Any CPU
	EndGlobalSection
	GlobalSection(ProjectConfigurationPlatforms) = postSolution
		{188DE879-4B9F-4D45-96C1-99A58968C4E4}.Debug|Any CPU.ActiveCfg = Debug|Any CPU
		{188DE879-4B9F-4D45-96C1-99A58968C4E4}.Debug|Any CPU.Build.0 = Debug|Any CPU
		{188DE879-4B9F-4D45-96C1-99A58968C4E4}.Release|Any CPU.ActiveCfg = Release|Any CPU
		{188DE879-4B9F-4D45-96C1-99A58968C4E4}.Release|Any CPU.Build.0 = Release|Any CPU
		{7A744CDF-1DA7-4924-B16E-C45C3054086C}.Debug|Any CPU.ActiveCfg = Debug|Any CPU
		{7A744CDF-1DA7-4924-B16E-C45C3054086C}.Debug|Any CPU.Build.0 = Debug|Any CPU
		{7A744CDF-1DA7-4924-B16E-C45C3054086C}.Release|Any CPU.ActiveCfg = Release|Any CPU
		{7A744CDF-1DA7-4924-B16E-C45C3054086C}.Release|Any CPU.Build.0 = Release|Any CPU
	EndGlobalSection
	GlobalSection(SolutionProperties) = preSolution
		HideSolutionNode = FALSE
	EndGlobalSection
	GlobalSection(ExtensibilityGlobals) = postSolution
		SolutionGuid = {06FCF235-29C2-468D-8C9D-ED3155C47C9F}
	EndGlobalSection
EndGlobal
